
Microsoft Visual Studio Solution File, Format Version 12.00
# Visual Studio Version 17
VisualStudioVersion = 17.9.34728.123
MinimumVisualStudioVersion = 10.0.40219.1
Project("{FAE04EC0-301F-11D3-BF4B-00C04F79EFBC}") = "TestApp", "TestApp\TestApp.csproj", "{4623459F-AAB5-4D21-8BD9-D7ACFAEEF326}"
EndProject
Project("{FAE04EC0-301F-11D3-BF4B-00C04F79EFBC}") = "DataAccess", "DataAccess\DataAccess.csproj", "{AE77DB02-6FAC-4E45-8CCC-33F3146D73A5}"
EndProject
Project("{FAE04EC0-301F-11D3-BF4B-00C04F79EFBC}") = "Service", "Service\Service.csproj", "{9CF3EF3C-DB70-4D83-A19F-8E5F320F1FB7}"
EndProject
Global
	GlobalSection(SolutionConfigurationPlatforms) = preSolution
		Debug|Any CPU = Debug|Any CPU
		Release|Any CPU = Release|Any CPU
	EndGlobalSection
	GlobalSection(ProjectConfigurationPlatforms) = postSolution
		{4623459F-AAB5-4D21-8BD9-D7ACFAEEF326}.Debug|Any CPU.ActiveCfg = Debug|Any CPU
		{4623459F-AAB5-4D21-8BD9-D7ACFAEEF326}.Debug|Any CPU.Build.0 = Debug|Any CPU
		{4623459F-AAB5-4D21-8BD9-D7ACFAEEF326}.Release|Any CPU.ActiveCfg = Release|Any CPU
		{4623459F-AAB5-4D21-8BD9-D7ACFAEEF326}.Release|Any CPU.Build.0 = Release|Any CPU
		{AE77DB02-6FAC-4E45-8CCC-33F3146D73A5}.Debug|Any CPU.ActiveCfg = Debug|Any CPU
		{AE77DB02-6FAC-4E45-8CCC-33F3146D73A5}.Debug|Any CPU.Build.0 = Debug|Any CPU
		{AE77DB02-6FAC-4E45-8CCC-33F3146D73A5}.Release|Any CPU.ActiveCfg = Release|Any CPU
		{AE77DB02-6FAC-4E45-8CCC-33F3146D73A5}.Release|Any CPU.Build.0 = Release|Any CPU
		{9CF3EF3C-DB70-4D83-A19F-8E5F320F1FB7}.Debug|Any CPU.ActiveCfg = Debug|Any CPU
		{9CF3EF3C-DB70-4D83-A19F-8E5F320F1FB7}.Debug|Any CPU.Build.0 = Debug|Any CPU
		{9CF3EF3C-DB70-4D83-A19F-8E5F320F1FB7}.Release|Any CPU.ActiveCfg = Release|Any CPU
		{9CF3EF3C-DB70-4D83-A19F-8E5F320F1FB7}.Release|Any CPU.Build.0 = Release|Any CPU
	EndGlobalSection
	GlobalSection(SolutionProperties) = preSolution
		HideSolutionNode = FALSE
	EndGlobalSection
	GlobalSection(ExtensibilityGlobals) = postSolution
		SolutionGuid = {14F6D7E2-09D0-4B8D-89C7-D73D438CBE6E}
	EndGlobalSection
EndGlobal
